
Microsoft Visual Studio Solution File, Format Version 11.00
# Visual Studio 2010
Project("{FAE04EC0-301F-11D3-BF4B-00C04F79EFBC}") = "KaiHelper", "KaiHelper\KaiHelper.csproj", "{9F3BF4B3-6AA4-41B5-820E-4626FE088126}"
EndProject
Project("{FAE04EC0-301F-11D3-BF4B-00C04F79EFBC}") = "ImmortalVayne", "..\..\..\..\Desktop\ImmortalVayne\ImmortalVayne\ImmortalVayne.csproj", "{9D959F9F-672D-44E5-94CC-DB54F5598BFD}"
EndProject
Project("{FAE04EC0-301F-11D3-BF4B-00C04F79EFBC}") = "EnemyVision", "EnemyVision\EnemyVision.csproj", "{C34DD657-EBB3-432B-A713-98F1299E8E69}"
EndProject
Project("{FAE04EC0-301F-11D3-BF4B-00C04F79EFBC}") = "Oracle", "..\..\..\..\Desktop\Oracle\Oracle.csproj", "{26F7260F-B714-4B99-995F-EA27775F14DB}"
EndProject
Project("{FAE04EC0-301F-11D3-BF4B-00C04F79EFBC}") = "xSaliceReligionAIO", "..\..\..\..\Desktop\xSaliceReligionAIO\xSaliceReligionAIO.csproj", "{4962ACE4-BF7B-41F4-A835-19501A245041}"
EndProject
Project("{FAE04EC0-301F-11D3-BF4B-00C04F79EFBC}") = "ImmortalSerials", "ImmortalKatarina\ImmortalSerials.csproj", "{C562AF75-97A4-4251-814B-9AF38F081AD7}"
EndProject
Project("{FAE04EC0-301F-11D3-BF4B-00C04F79EFBC}") = "Test", "Test\Test.csproj", "{F87C61C0-5FBC-4475-8382-F977713B4407}"
EndProject
Project("{FAE04EC0-301F-11D3-BF4B-00C04F79EFBC}") = "UniversalMinimapHack", "..\..\..\..\Desktop\UniversalMinimapHack\UniversalMinimapHack.csproj", "{7CF56175-FA98-4FCB-A926-4E5EEFD3B301}"
EndProject
Project("{FAE04EC0-301F-11D3-BF4B-00C04F79EFBC}") = "BaseUlt3", "..\..\..\..\AppData\Roaming\LeagueSharp\Repositories\367DEEFB\trunk\BaseUlt3\BaseUlt3.csproj", "{064BCFE8-3251-46F8-85FF-FA1BDF83C5C9}"
EndProject
Project("{FAE04EC0-301F-11D3-BF4B-00C04F79EFBC}") = "Yasuo", "..\..\..\..\Desktop\Yasuo\Yasuo\Yasuo.csproj", "{F1EC353E-04ED-4277-A4F4-C7014782C035}"
EndProject
Global
	GlobalSection(SolutionConfigurationPlatforms) = preSolution
		Debug|Any CPU = Debug|Any CPU
		Debug|Mixed Platforms = Debug|Mixed Platforms
		Debug|x86 = Debug|x86
		Release|Any CPU = Release|Any CPU
		Release|Mixed Platforms = Release|Mixed Platforms
		Release|x86 = Release|x86
	EndGlobalSection
	GlobalSection(ProjectConfigurationPlatforms) = postSolution
		{9F3BF4B3-6AA4-41B5-820E-4626FE088126}.Debug|Any CPU.ActiveCfg = Debug|x86
		{9F3BF4B3-6AA4-41B5-820E-4626FE088126}.Debug|Mixed Platforms.ActiveCfg = Debug|x86
		{9F3BF4B3-6AA4-41B5-820E-4626FE088126}.Debug|Mixed Platforms.Build.0 = Debug|x86
		{9F3BF4B3-6AA4-41B5-820E-4626FE088126}.Debug|x86.ActiveCfg = Debug|x86
		{9F3BF4B3-6AA4-41B5-820E-4626FE088126}.Debug|x86.Build.0 = Debug|x86
		{9F3BF4B3-6AA4-41B5-820E-4626FE088126}.Release|Any CPU.ActiveCfg = Release|x86
		{9F3BF4B3-6AA4-41B5-820E-4626FE088126}.Release|Mixed Platforms.ActiveCfg = Release|x86
		{9F3BF4B3-6AA4-41B5-820E-4626FE088126}.Release|Mixed Platforms.Build.0 = Release|x86
		{9F3BF4B3-6AA4-41B5-820E-4626FE088126}.Release|x86.ActiveCfg = Release|x86
		{9F3BF4B3-6AA4-41B5-820E-4626FE088126}.Release|x86.Build.0 = Release|x86
		{9D959F9F-672D-44E5-94CC-DB54F5598BFD}.Debug|Any CPU.ActiveCfg = Debug|Any CPU
		{9D959F9F-672D-44E5-94CC-DB54F5598BFD}.Debug|Any CPU.Build.0 = Debug|Any CPU
		{9D959F9F-672D-44E5-94CC-DB54F5598BFD}.Debug|Mixed Platforms.ActiveCfg = Debug|Any CPU
		{9D959F9F-672D-44E5-94CC-DB54F5598BFD}.Debug|Mixed Platforms.Build.0 = Debug|Any CPU
		{9D959F9F-672D-44E5-94CC-DB54F5598BFD}.Debug|x86.ActiveCfg = Debug|Any CPU
		{9D959F9F-672D-44E5-94CC-DB54F5598BFD}.Release|Any CPU.ActiveCfg = Release|Any CPU
		{9D959F9F-672D-44E5-94CC-DB54F5598BFD}.Release|Any CPU.Build.0 = Release|Any CPU
		{9D959F9F-672D-44E5-94CC-DB54F5598BFD}.Release|Mixed Platforms.ActiveCfg = Release|Any CPU
		{9D959F9F-672D-44E5-94CC-DB54F5598BFD}.Release|Mixed Platforms.Build.0 = Release|Any CPU
		{9D959F9F-672D-44E5-94CC-DB54F5598BFD}.Release|x86.ActiveCfg = Release|Any CPU
		{C34DD657-EBB3-432B-A713-98F1299E8E69}.Debug|Any CPU.ActiveCfg = Debug|x86
		{C34DD657-EBB3-432B-A713-98F1299E8E69}.Debug|Mixed Platforms.ActiveCfg = Debug|x86
		{C34DD657-EBB3-432B-A713-98F1299E8E69}.Debug|Mixed Platforms.Build.0 = Debug|x86
		{C34DD657-EBB3-432B-A713-98F1299E8E69}.Debug|x86.ActiveCfg = Debug|x86
		{C34DD657-EBB3-432B-A713-98F1299E8E69}.Debug|x86.Build.0 = Debug|x86
		{C34DD657-EBB3-432B-A713-98F1299E8E69}.Release|Any CPU.ActiveCfg = Release|x86
		{C34DD657-EBB3-432B-A713-98F1299E8E69}.Release|Mixed Platforms.ActiveCfg = Release|x86
		{C34DD657-EBB3-432B-A713-98F1299E8E69}.Release|Mixed Platforms.Build.0 = Release|x86
		{C34DD657-EBB3-432B-A713-98F1299E8E69}.Release|x86.ActiveCfg = Release|x86
		{C34DD657-EBB3-432B-A713-98F1299E8E69}.Release|x86.Build.0 = Release|x86
		{26F7260F-B714-4B99-995F-EA27775F14DB}.Debug|Any CPU.ActiveCfg = Debug|Any CPU
		{26F7260F-B714-4B99-995F-EA27775F14DB}.Debug|Any CPU.Build.0 = Debug|Any CPU
		{26F7260F-B714-4B99-995F-EA27775F14DB}.Debug|Mixed Platforms.ActiveCfg = Debug|Any CPU
		{26F7260F-B714-4B99-995F-EA27775F14DB}.Debug|Mixed Platforms.Build.0 = Debug|Any CPU
		{26F7260F-B714-4B99-995F-EA27775F14DB}.Debug|x86.ActiveCfg = Debug|Any CPU
		{26F7260F-B714-4B99-995F-EA27775F14DB}.Release|Any CPU.ActiveCfg = Release|Any CPU
		{26F7260F-B714-4B99-995F-EA27775F14DB}.Release|Any CPU.Build.0 = Release|Any CPU
		{26F7260F-B714-4B99-995F-EA27775F14DB}.Release|Mixed Platforms.ActiveCfg = Release|Any CPU
		{26F7260F-B714-4B99-995F-EA27775F14DB}.Release|Mixed Platforms.Build.0 = Release|Any CPU
		{26F7260F-B714-4B99-995F-EA27775F14DB}.Release|x86.ActiveCfg = Release|Any CPU
		{4962ACE4-BF7B-41F4-A835-19501A245041}.Debug|Any CPU.ActiveCfg = Debug|Any CPU
		{4962ACE4-BF7B-41F4-A835-19501A245041}.Debug|Any CPU.Build.0 = Debug|Any CPU
		{4962ACE4-BF7B-41F4-A835-19501A245041}.Debug|Mixed Platforms.ActiveCfg = Debug|Any CPU
		{4962ACE4-BF7B-41F4-A835-19501A245041}.Debug|Mixed Platforms.Build.0 = Debug|Any CPU
		{4962ACE4-BF7B-41F4-A835-19501A245041}.Debug|x86.ActiveCfg = Debug|Any CPU
		{4962ACE4-BF7B-41F4-A835-19501A245041}.Release|Any CPU.ActiveCfg = Release|Any CPU
		{4962ACE4-BF7B-41F4-A835-19501A245041}.Release|Any CPU.Build.0 = Release|Any CPU
		{4962ACE4-BF7B-41F4-A835-19501A245041}.Release|Mixed Platforms.ActiveCfg = Release|Any CPU
		{4962ACE4-BF7B-41F4-A835-19501A245041}.Release|Mixed Platforms.Build.0 = Release|Any CPU
		{4962ACE4-BF7B-41F4-A835-19501A245041}.Release|x86.ActiveCfg = Release|Any CPU
		{C562AF75-97A4-4251-814B-9AF38F081AD7}.Debug|Any CPU.ActiveCfg = Debug|x86
		{C562AF75-97A4-4251-814B-9AF38F081AD7}.Debug|Mixed Platforms.ActiveCfg = Debug|x86
		{C562AF75-97A4-4251-814B-9AF38F081AD7}.Debug|Mixed Platforms.Build.0 = Debug|x86
		{C562AF75-97A4-4251-814B-9AF38F081AD7}.Debug|x86.ActiveCfg = Debug|x86
		{C562AF75-97A4-4251-814B-9AF38F081AD7}.Debug|x86.Build.0 = Debug|x86
		{C562AF75-97A4-4251-814B-9AF38F081AD7}.Release|Any CPU.ActiveCfg = Release|x86
		{C562AF75-97A4-4251-814B-9AF38F081AD7}.Release|Mixed Platforms.ActiveCfg = Release|x86
		{C562AF75-97A4-4251-814B-9AF38F081AD7}.Release|Mixed Platforms.Build.0 = Release|x86
		{C562AF75-97A4-4251-814B-9AF38F081AD7}.Release|x86.ActiveCfg = Release|x86
		{C562AF75-97A4-4251-814B-9AF38F081AD7}.Release|x86.Build.0 = Release|x86
		{F87C61C0-5FBC-4475-8382-F977713B4407}.Debug|Any CPU.ActiveCfg = Debug|x86
		{F87C61C0-5FBC-4475-8382-F977713B4407}.Debug|Mixed Platforms.ActiveCfg = Debug|x86
		{F87C61C0-5FBC-4475-8382-F977713B4407}.Debug|Mixed Platforms.Build.0 = Debug|x86
		{F87C61C0-5FBC-4475-8382-F977713B4407}.Debug|x86.ActiveCfg = Debug|x86
		{F87C61C0-5FBC-4475-8382-F977713B4407}.Debug|x86.Build.0 = Debug|x86
		{F87C61C0-5FBC-4475-8382-F977713B4407}.Release|Any CPU.ActiveCfg = Release|x86
		{F87C61C0-5FBC-4475-8382-F977713B4407}.Release|Mixed Platforms.ActiveCfg = Release|x86
		{F87C61C0-5FBC-4475-8382-F977713B4407}.Release|Mixed Platforms.Build.0 = Release|x86
		{F87C61C0-5FBC-4475-8382-F977713B4407}.Release|x86.ActiveCfg = Release|x86
		{F87C61C0-5FBC-4475-8382-F977713B4407}.Release|x86.Build.0 = Release|x86
		{7CF56175-FA98-4FCB-A926-4E5EEFD3B301}.Debug|Any CPU.ActiveCfg = Debug|Any CPU
		{7CF56175-FA98-4FCB-A926-4E5EEFD3B301}.Debug|Any CPU.Build.0 = Debug|Any CPU
		{7CF56175-FA98-4FCB-A926-4E5EEFD3B301}.Debug|Mixed Platforms.ActiveCfg = Debug|Any CPU
		{7CF56175-FA98-4FCB-A926-4E5EEFD3B301}.Debug|Mixed Platforms.Build.0 = Debug|Any CPU
		{7CF56175-FA98-4FCB-A926-4E5EEFD3B301}.Debug|x86.ActiveCfg = Debug|Any CPU
		{7CF56175-FA98-4FCB-A926-4E5EEFD3B301}.Release|Any CPU.ActiveCfg = Release|Any CPU
		{7CF56175-FA98-4FCB-A926-4E5EEFD3B301}.Release|Any CPU.Build.0 = Release|Any CPU
		{7CF56175-FA98-4FCB-A926-4E5EEFD3B301}.Release|Mixed Platforms.ActiveCfg = Release|Any CPU
		{7CF56175-FA98-4FCB-A926-4E5EEFD3B301}.Release|Mixed Platforms.Build.0 = Release|Any CPU
		{7CF56175-FA98-4FCB-A926-4E5EEFD3B301}.Release|x86.ActiveCfg = Release|Any CPU
		{064BCFE8-3251-46F8-85FF-FA1BDF83C5C9}.Debug|Any CPU.ActiveCfg = Debug|Any CPU
		{064BCFE8-3251-46F8-85FF-FA1BDF83C5C9}.Debug|Any CPU.Build.0 = Debug|Any CPU
		{064BCFE8-3251-46F8-85FF-FA1BDF83C5C9}.Debug|Mixed Platforms.ActiveCfg = Debug|Any CPU
		{064BCFE8-3251-46F8-85FF-FA1BDF83C5C9}.Debug|Mixed Platforms.Build.0 = Debug|Any CPU
		{064BCFE8-3251-46F8-85FF-FA1BDF83C5C9}.Debug|x86.ActiveCfg = Debug|Any CPU
		{064BCFE8-3251-46F8-85FF-FA1BDF83C5C9}.Release|Any CPU.ActiveCfg = Release|Any CPU
		{064BCFE8-3251-46F8-85FF-FA1BDF83C5C9}.Release|Any CPU.Build.0 = Release|Any CPU
		{064BCFE8-3251-46F8-85FF-FA1BDF83C5C9}.Release|Mixed Platforms.ActiveCfg = Release|Any CPU
		{064BCFE8-3251-46F8-85FF-FA1BDF83C5C9}.Release|Mixed Platforms.Build.0 = Release|Any CPU
		{064BCFE8-3251-46F8-85FF-FA1BDF83C5C9}.Release|x86.ActiveCfg = Release|Any CPU
		{F1EC353E-04ED-4277-A4F4-C7014782C035}.Debug|Any CPU.ActiveCfg = Debug|Any CPU
		{F1EC353E-04ED-4277-A4F4-C7014782C035}.Debug|Any CPU.Build.0 = Debug|Any CPU
		{F1EC353E-04ED-4277-A4F4-C7014782C035}.Debug|Mixed Platforms.ActiveCfg = Debug|Any CPU
		{F1EC353E-04ED-4277-A4F4-C7014782C035}.Debug|Mixed Platforms.Build.0 = Debug|Any CPU
		{F1EC353E-04ED-4277-A4F4-C7014782C035}.Debug|x86.ActiveCfg = Debug|Any CPU
		{F1EC353E-04ED-4277-A4F4-C7014782C035}.Release|Any CPU.ActiveCfg = Release|Any CPU
		{F1EC353E-04ED-4277-A4F4-C7014782C035}.Release|Any CPU.Build.0 = Release|Any CPU
		{F1EC353E-04ED-4277-A4F4-C7014782C035}.Release|Mixed Platforms.ActiveCfg = Release|Any CPU
		{F1EC353E-04ED-4277-A4F4-C7014782C035}.Release|Mixed Platforms.Build.0 = Release|Any CPU
		{F1EC353E-04ED-4277-A4F4-C7014782C035}.Release|x86.ActiveCfg = Release|Any CPU
	EndGlobalSection
	GlobalSection(SolutionProperties) = preSolution
		HideSolutionNode = FALSE
	EndGlobalSection
EndGlobal
